# This file is automatically @generated by Cargo.
# It is not intended for manual editing.
version = 4

[[package]]
name = "s4-app"
version = "0.1.0"
dependencies = [
 "s4-core",
 "s4-platform",
 "s4-render",
 "s4-resource",
 "s4-ui",
]

[[package]]
name = "s4-core"
version = "0.1.0"
dependencies = [
 "s4-platform",
]

[[package]]
name = "s4-platform"
version = "0.1.0"

[[package]]
name = "s4-render"
version = "0.1.0"
dependencies = [
 "s4-platform",
]

[[package]]
name = "s4-resource"
version = "0.1.0"
dependencies = [
 "s4-platform",
]

[[package]]
name = "s4-ui"
version = "0.1.0"
dependencies = [
 "s4-platform",
]
